PODS:
  - Analytics (3.7.0)
  - Expecta (1.0.6)
  - FBSDKCoreKit (5.13.1):
    - FBSDKCoreKit/Basics (= 5.13.1)
    - FBSDKCoreKit/Core (= 5.13.1)
  - FBSDKCoreKit/Basics (5.13.1)
  - FBSDKCoreKit/Core (5.13.1):
    - FBSDKCoreKit/Basics
  - Segment-Facebook-App-Events (1.0.4):
    - Analytics (~> 3.0)
    - FBSDKCoreKit (~> 5.0)
  - Specta (1.0.7)

DEPENDENCIES:
  - Expecta
  - Segment-Facebook-App-Events (from `../../Integrations/analytics-ios-integration-facebook-app-events`)
  - Specta

SPEC REPOS:
  trunk:
    - Analytics
    - Expecta
    - FBSDKCoreKit
    - Specta

EXTERNAL SOURCES:
  Segment-Facebook-App-Events:
    :path: "../../Integrations/analytics-ios-integration-facebook-app-events"

SPEC CHECKSUMS:
  Analytics: 77fd5fb102a4a5eedafa2c2b0245ceb7b7c15e45
  Expecta: 3b6bd90a64b9a1dcb0b70aa0e10a7f8f631667d5
  FBSDKCoreKit: 8fb98209109fb684937f05d534305edb18c20207
  Segment-Facebook-App-Events: fc089c58a163dbfb817a8a65b2e5023afd919843
  Specta: 3e1bd89c3517421982dc4d1c992503e48bd5fe66

PODFILE CHECKSUM: fca958077eed15b55edfd1be4a345eff84fd884e

COCOAPODS: 1.8.4
