// !$*UTF8*$!
{
	archiveVersion = 1;
	classes = {
	};
	objectVersion = 51;
	objects = {

/* Begin PBXBuildFile section */
		5CFD17A23F3AE1D955E80F45 /* Pods_Sample_Tracking_ProjectTests.framework in Frameworks */ = {isa = PBXBuildFile; fileRef = B5A9E53DF033C25BD2191462 /* Pods_Sample_Tracking_ProjectTests.framework */; };
		AEDA760B59A6B5C26BDD25AB /* Pods_Sample_Tracking_Project.framework in Frameworks */ = {isa = PBXBuildFile; fileRef = FA258A7627B4BC13CCC78658 /* Pods_Sample_Tracking_Project.framework */; };
		E012C24623CE2E1900DB6BA5 /* SendEventsViewController.m in Sources */ = {isa = PBXBuildFile; fileRef = E012C24523CE2E1900DB6BA5 /* SendEventsViewController.m */; };
		E012C24923CEDA2400DB6BA5 /* Track.json in Resources */ = {isa = PBXBuildFile; fileRef = E012C24823CEDA2400DB6BA5 /* Track.json */; };
		E012C24B23CEDA4000DB6BA5 /* Identify.json in Resources */ = {isa = PBXBuildFile; fileRef = E012C24A23CEDA4000DB6BA5 /* Identify.json */; };
		E012C24D23CEDA5B00DB6BA5 /* Page.json in Resources */ = {isa = PBXBuildFile; fileRef = E012C24C23CEDA5B00DB6BA5 /* Page.json */; };
		E012C24F23CEDA6F00DB6BA5 /* Screen.json in Resources */ = {isa = PBXBuildFile; fileRef = E012C24E23CEDA6F00DB6BA5 /* Screen.json */; };
		E012C25123CEDA8400DB6BA5 /* Group.json in Resources */ = {isa = PBXBuildFile; fileRef = E012C25023CEDA8400DB6BA5 /* Group.json */; };
		E012C25323CEDAA400DB6BA5 /* Alias.json in Resources */ = {isa = PBXBuildFile; fileRef = E012C25223CEDAA400DB6BA5 /* Alias.json */; };
		E0C7AF7623CE1E2500D6DEBB /* AppDelegate.m in Sources */ = {isa = PBXBuildFile; fileRef = E0C7AF7523CE1E2500D6DEBB /* AppDelegate.m */; };
		E0C7AF7E23CE1E2700D6DEBB /* Assets.xcassets in Resources */ = {isa = PBXBuildFile; fileRef = E0C7AF7D23CE1E2700D6DEBB /* Assets.xcassets */; };
		E0C7AF8123CE1E2700D6DEBB /* LaunchScreen.storyboard in Resources */ = {isa = PBXBuildFile; fileRef = E0C7AF7F23CE1E2700D6DEBB /* LaunchScreen.storyboard */; };
		E0C7AF8423CE1E2700D6DEBB /* main.m in Sources */ = {isa = PBXBuildFile; fileRef = E0C7AF8323CE1E2700D6DEBB /* main.m */; };
		E0C7AF8E23CE1E2700D6DEBB /* Sample_Tracking_ProjectTests.m in Sources */ = {isa = PBXBuildFile; fileRef = E0C7AF8D23CE1E2700D6DEBB /* Sample_Tracking_ProjectTests.m */; };
		E0C7AF9C23CE1F8C00D6DEBB /* Main.storyboard in Resources */ = {isa = PBXBuildFile; fileRef = E0C7AF9B23CE1F8C00D6DEBB /* Main.storyboard */; };
		E0C7AF9F23CE21F200D6DEBB /* HomeViewController.m in Sources */ = {isa = PBXBuildFile; fileRef = E0C7AF9E23CE21F200D6DEBB /* HomeViewController.m */; };
/* End PBXBuildFile section */

/* Begin PBXContainerItemProxy section */
		E0C7AF8A23CE1E2700D6DEBB /* PBXContainerItemProxy */ = {
			isa = PBXContainerItemProxy;
			containerPortal = E0C7AF6923CE1E2500D6DEBB /* Project object */;
			proxyType = 1;
			remoteGlobalIDString = E0C7AF7023CE1E2500D6DEBB;
			remoteInfo = "Sample Tracking Project";
		};
/* End PBXContainerItemProxy section */

/* Begin PBXFileReference section */
		02DC807BBA14D89290572796 /* Pods-Sample Tracking Project.debug.xcconfig */ = {isa = PBXFileReference; includeInIndex = 1; lastKnownFileType = text.xcconfig; name = "Pods-Sample Tracking Project.debug.xcconfig"; path = "Target Support Files/Pods-Sample Tracking Project/Pods-Sample Tracking Project.debug.xcconfig"; sourceTree = "<group>"; };
		1B8AC637ED60CC61C1DE35A8 /* Pods-Sample Tracking ProjectTests.release.xcconfig */ = {isa = PBXFileReference; includeInIndex = 1; lastKnownFileType = text.xcconfig; name = "Pods-Sample Tracking ProjectTests.release.xcconfig"; path = "Target Support Files/Pods-Sample Tracking ProjectTests/Pods-Sample Tracking ProjectTests.release.xcconfig"; sourceTree = "<group>"; };
		B5A9E53DF033C25BD2191462 /* Pods_Sample_Tracking_ProjectTests.framework */ = {isa = PBXFileReference; explicitFileType = wrapper.framework; includeInIndex = 0; path = Pods_Sample_Tracking_ProjectTests.framework; sourceTree = BUILT_PRODUCTS_DIR; };
		DAF746D03E671043805EBD33 /* Pods-Sample Tracking ProjectTests.debug.xcconfig */ = {isa = PBXFileReference; includeInIndex = 1; lastKnownFileType = text.xcconfig; name = "Pods-Sample Tracking ProjectTests.debug.xcconfig"; path = "Target Support Files/Pods-Sample Tracking ProjectTests/Pods-Sample Tracking ProjectTests.debug.xcconfig"; sourceTree = "<group>"; };
		E012C24423CE2E1900DB6BA5 /* SendEventsViewController.h */ = {isa = PBXFileReference; lastKnownFileType = sourcecode.c.h; path = SendEventsViewController.h; sourceTree = "<group>"; };
		E012C24523CE2E1900DB6BA5 /* SendEventsViewController.m */ = {isa = PBXFileReference; lastKnownFileType = sourcecode.c.objc; path = SendEventsViewController.m; sourceTree = "<group>"; };
		E012C24823CEDA2400DB6BA5 /* Track.json */ = {isa = PBXFileReference; lastKnownFileType = text.json; path = Track.json; sourceTree = "<group>"; };
		E012C24A23CEDA4000DB6BA5 /* Identify.json */ = {isa = PBXFileReference; lastKnownFileType = text.json; path = Identify.json; sourceTree = "<group>"; };
		E012C24C23CEDA5B00DB6BA5 /* Page.json */ = {isa = PBXFileReference; lastKnownFileType = text.json; path = Page.json; sourceTree = "<group>"; };
		E012C24E23CEDA6F00DB6BA5 /* Screen.json */ = {isa = PBXFileReference; lastKnownFileType = text.json; path = Screen.json; sourceTree = "<group>"; };
		E012C25023CEDA8400DB6BA5 /* Group.json */ = {isa = PBXFileReference; lastKnownFileType = text.json; path = Group.json; sourceTree = "<group>"; };
		E012C25223CEDAA400DB6BA5 /* Alias.json */ = {isa = PBXFileReference; lastKnownFileType = text.json; path = Alias.json; sourceTree = "<group>"; };
		E0C7AF7123CE1E2500D6DEBB /* Sample Tracking Project.app */ = {isa = PBXFileReference; explicitFileType = wrapper.application; includeInIndex = 0; path = "Sample Tracking Project.app"; sourceTree = BUILT_PRODUCTS_DIR; };
		E0C7AF7423CE1E2500D6DEBB /* AppDelegate.h */ = {isa = PBXFileReference; lastKnownFileType = sourcecode.c.h; path = AppDelegate.h; sourceTree = "<group>"; };
		E0C7AF7523CE1E2500D6DEBB /* AppDelegate.m */ = {isa = PBXFileReference; lastKnownFileType = sourcecode.c.objc; path = AppDelegate.m; sourceTree = "<group>"; };
		E0C7AF7D23CE1E2700D6DEBB /* Assets.xcassets */ = {isa = PBXFileReference; lastKnownFileType = folder.assetcatalog; path = Assets.xcassets; sourceTree = "<group>"; };
		E0C7AF8023CE1E2700D6DEBB /* Base */ = {isa = PBXFileReference; lastKnownFileType = file.storyboard; name = Base; path = Base.lproj/LaunchScreen.storyboard; sourceTree = "<group>"; };
		E0C7AF8223CE1E2700D6DEBB /* Info.plist */ = {isa = PBXFileReference; lastKnownFileType = text.plist.xml; path = Info.plist; sourceTree = "<group>"; };
		E0C7AF8323CE1E2700D6DEBB /* main.m */ = {isa = PBXFileReference; lastKnownFileType = sourcecode.c.objc; path = main.m; sourceTree = "<group>"; };
		E0C7AF8923CE1E2700D6DEBB /* Sample Tracking ProjectTests.xctest */ = {isa = PBXFileReference; explicitFileType = wrapper.cfbundle; includeInIndex = 0; path = "Sample Tracking ProjectTests.xctest"; sourceTree = BUILT_PRODUCTS_DIR; };
		E0C7AF8D23CE1E2700D6DEBB /* Sample_Tracking_ProjectTests.m */ = {isa = PBXFileReference; lastKnownFileType = sourcecode.c.objc; path = Sample_Tracking_ProjectTests.m; sourceTree = "<group>"; };
		E0C7AF8F23CE1E2700D6DEBB /* Info.plist */ = {isa = PBXFileReference; lastKnownFileType = text.plist.xml; path = Info.plist; sourceTree = "<group>"; };
		E0C7AF9B23CE1F8C00D6DEBB /* Main.storyboard */ = {isa = PBXFileReference; fileEncoding = 4; lastKnownFileType = file.storyboard; path = Main.storyboard; sourceTree = "<group>"; };
		E0C7AF9D23CE21F200D6DEBB /* HomeViewController.h */ = {isa = PBXFileReference; lastKnownFileType = sourcecode.c.h; path = HomeViewController.h; sourceTree = "<group>"; };
		E0C7AF9E23CE21F200D6DEBB /* HomeViewController.m */ = {isa = PBXFileReference; lastKnownFileType = sourcecode.c.objc; path = HomeViewController.m; sourceTree = "<group>"; };
		F4155570BB402C092E9418EC /* Pods-Sample Tracking Project.release.xcconfig */ = {isa = PBXFileReference; includeInIndex = 1; lastKnownFileType = text.xcconfig; name = "Pods-Sample Tracking Project.release.xcconfig"; path = "Target Support Files/Pods-Sample Tracking Project/Pods-Sample Tracking Project.release.xcconfig"; sourceTree = "<group>"; };
		FA258A7627B4BC13CCC78658 /* Pods_Sample_Tracking_Project.framework */ = {isa = PBXFileReference; explicitFileType = wrapper.framework; includeInIndex = 0; path = Pods_Sample_Tracking_Project.framework; sourceTree = BUILT_PRODUCTS_DIR; };
/* End PBXFileReference section */

/* Begin PBXFrameworksBuildPhase section */
		E0C7AF6E23CE1E2500D6DEBB /* Frameworks */ = {
			isa = PBXFrameworksBuildPhase;
			buildActionMask = 2147483647;
			files = (
				AEDA760B59A6B5C26BDD25AB /* Pods_Sample_Tracking_Project.framework in Frameworks */,
			);
			runOnlyForDeploymentPostprocessing = 0;
		};
		E0C7AF8623CE1E2700D6DEBB /* Frameworks */ = {
			isa = PBXFrameworksBuildPhase;
			buildActionMask = 2147483647;
			files = (
				5CFD17A23F3AE1D955E80F45 /* Pods_Sample_Tracking_ProjectTests.framework in Frameworks */,
			);
			runOnlyForDeploymentPostprocessing = 0;
		};
/* End PBXFrameworksBuildPhase section */

/* Begin PBXGroup section */
		630487AD978C0F8A3CFF9114 /* Frameworks */ = {
			isa = PBXGroup;
			children = (
				FA258A7627B4BC13CCC78658 /* Pods_Sample_Tracking_Project.framework */,
				B5A9E53DF033C25BD2191462 /* Pods_Sample_Tracking_ProjectTests.framework */,
			);
			name = Frameworks;
			sourceTree = "<group>";
		};
		E012C24723CED9F400DB6BA5 /* JSON Files */ = {
			isa = PBXGroup;
			children = (
				E012C24823CEDA2400DB6BA5 /* Track.json */,
				E012C24A23CEDA4000DB6BA5 /* Identify.json */,
				E012C24C23CEDA5B00DB6BA5 /* Page.json */,
				E012C24E23CEDA6F00DB6BA5 /* Screen.json */,
				E012C25023CEDA8400DB6BA5 /* Group.json */,
				E012C25223CEDAA400DB6BA5 /* Alias.json */,
			);
			path = "JSON Files";
			sourceTree = "<group>";
		};
		E0C7AF6823CE1E2500D6DEBB = {
			isa = PBXGroup;
			children = (
				E0C7AF7323CE1E2500D6DEBB /* Sample Tracking Project */,
				E0C7AF8C23CE1E2700D6DEBB /* Sample Tracking ProjectTests */,
				E0C7AF7223CE1E2500D6DEBB /* Products */,
				FB40B218939626F50510ECBB /* Pods */,
				630487AD978C0F8A3CFF9114 /* Frameworks */,
			);
			sourceTree = "<group>";
		};
		E0C7AF7223CE1E2500D6DEBB /* Products */ = {
			isa = PBXGroup;
			children = (
				E0C7AF7123CE1E2500D6DEBB /* Sample Tracking Project.app */,
				E0C7AF8923CE1E2700D6DEBB /* Sample Tracking ProjectTests.xctest */,
			);
			name = Products;
			sourceTree = "<group>";
		};
		E0C7AF7323CE1E2500D6DEBB /* Sample Tracking Project */ = {
			isa = PBXGroup;
			children = (
				E0C7AF9A23CE1F4E00D6DEBB /* Supporting Files */,
				E0C7AF9923CE1F3800D6DEBB /* Storyboard */,
				E0C7AF9823CE1F2800D6DEBB /* ViewControllers */,
				E0C7AF7423CE1E2500D6DEBB /* AppDelegate.h */,
				E0C7AF7523CE1E2500D6DEBB /* AppDelegate.m */,
				E0C7AF7F23CE1E2700D6DEBB /* LaunchScreen.storyboard */,
			);
			path = "Sample Tracking Project";
			sourceTree = "<group>";
		};
		E0C7AF8C23CE1E2700D6DEBB /* Sample Tracking ProjectTests */ = {
			isa = PBXGroup;
			children = (
				E0C7AF8D23CE1E2700D6DEBB /* Sample_Tracking_ProjectTests.m */,
				E0C7AF8F23CE1E2700D6DEBB /* Info.plist */,
			);
			path = "Sample Tracking ProjectTests";
			sourceTree = "<group>";
		};
		E0C7AF9823CE1F2800D6DEBB /* ViewControllers */ = {
			isa = PBXGroup;
			children = (
				E0C7AF9D23CE21F200D6DEBB /* HomeViewController.h */,
				E0C7AF9E23CE21F200D6DEBB /* HomeViewController.m */,
				E012C24423CE2E1900DB6BA5 /* SendEventsViewController.h */,
				E012C24523CE2E1900DB6BA5 /* SendEventsViewController.m */,
			);
			path = ViewControllers;
			sourceTree = "<group>";
		};
		E0C7AF9923CE1F3800D6DEBB /* Storyboard */ = {
			isa = PBXGroup;
			children = (
				E0C7AF9B23CE1F8C00D6DEBB /* Main.storyboard */,
			);
			path = Storyboard;
			sourceTree = "<group>";
		};
		E0C7AF9A23CE1F4E00D6DEBB /* Supporting Files */ = {
			isa = PBXGroup;
			children = (
				E012C24723CED9F400DB6BA5 /* JSON Files */,
				E0C7AF8323CE1E2700D6DEBB /* main.m */,
				E0C7AF8223CE1E2700D6DEBB /* Info.plist */,
				E0C7AF7D23CE1E2700D6DEBB /* Assets.xcassets */,
			);
			path = "Supporting Files";
			sourceTree = "<group>";
		};
		FB40B218939626F50510ECBB /* Pods */ = {
			isa = PBXGroup;
			children = (
				02DC807BBA14D89290572796 /* Pods-Sample Tracking Project.debug.xcconfig */,
				F4155570BB402C092E9418EC /* Pods-Sample Tracking Project.release.xcconfig */,
				DAF746D03E671043805EBD33 /* Pods-Sample Tracking ProjectTests.debug.xcconfig */,
				1B8AC637ED60CC61C1DE35A8 /* Pods-Sample Tracking ProjectTests.release.xcconfig */,
			);
			path = Pods;
			sourceTree = "<group>";
		};
/* End PBXGroup section */

/* Begin PBXNativeTarget section */
		E0C7AF7023CE1E2500D6DEBB /* Sample Tracking Project */ = {
			isa = PBXNativeTarget;
			buildConfigurationList = E0C7AF9223CE1E2700D6DEBB /* Build configuration list for PBXNativeTarget "Sample Tracking Project" */;
			buildPhases = (
				BD1C89EAF7CCAE5BCA4139AA /* [CP] Check Pods Manifest.lock */,
				E0C7AF6D23CE1E2500D6DEBB /* Sources */,
				E0C7AF6E23CE1E2500D6DEBB /* Frameworks */,
				E0C7AF6F23CE1E2500D6DEBB /* Resources */,
				6789BCD95CE0BC70ADA9C11A /* [CP] Embed Pods Frameworks */,
			);
			buildRules = (
			);
			dependencies = (
			);
			name = "Sample Tracking Project";
			productName = "Sample Tracking Project";
			productReference = E0C7AF7123CE1E2500D6DEBB /* Sample Tracking Project.app */;
			productType = "com.apple.product-type.application";
		};
		E0C7AF8823CE1E2700D6DEBB /* Sample Tracking ProjectTests */ = {
			isa = PBXNativeTarget;
			buildConfigurationList = E0C7AF9523CE1E2700D6DEBB /* Build configuration list for PBXNativeTarget "Sample Tracking ProjectTests" */;
			buildPhases = (
				2091A93BDEEA54356536296C /* [CP] Check Pods Manifest.lock */,
				E0C7AF8523CE1E2700D6DEBB /* Sources */,
				E0C7AF8623CE1E2700D6DEBB /* Frameworks */,
				E0C7AF8723CE1E2700D6DEBB /* Resources */,
			);
			buildRules = (
			);
			dependencies = (
				E0C7AF8B23CE1E2700D6DEBB /* PBXTargetDependency */,
			);
			name = "Sample Tracking ProjectTests";
			productName = "Sample Tracking ProjectTests";
			productReference = E0C7AF8923CE1E2700D6DEBB /* Sample Tracking ProjectTests.xctest */;
			productType = "com.apple.product-type.bundle.unit-test";
		};
/* End PBXNativeTarget section */

/* Begin PBXProject section */
		E0C7AF6923CE1E2500D6DEBB /* Project object */ = {
			isa = PBXProject;
			attributes = {
				LastUpgradeCheck = 1030;
				ORGANIZATIONNAME = Segment;
				TargetAttributes = {
					E0C7AF7023CE1E2500D6DEBB = {
						CreatedOnToolsVersion = 10.3;
					};
					E0C7AF8823CE1E2700D6DEBB = {
						CreatedOnToolsVersion = 10.3;
						TestTargetID = E0C7AF7023CE1E2500D6DEBB;
					};
				};
			};
			buildConfigurationList = E0C7AF6C23CE1E2500D6DEBB /* Build configuration list for PBXProject "Sample Tracking Project" */;
			compatibilityVersion = "Xcode 9.3";
			developmentRegion = en;
			hasScannedForEncodings = 0;
			knownRegions = (
				en,
				Base,
			);
			mainGroup = E0C7AF6823CE1E2500D6DEBB;
			productRefGroup = E0C7AF7223CE1E2500D6DEBB /* Products */;
			projectDirPath = "";
			projectRoot = "";
			targets = (
				E0C7AF7023CE1E2500D6DEBB /* Sample Tracking Project */,
				E0C7AF8823CE1E2700D6DEBB /* Sample Tracking ProjectTests */,
			);
		};
/* End PBXProject section */

/* Begin PBXResourcesBuildPhase section */
		E0C7AF6F23CE1E2500D6DEBB /* Resources */ = {
			isa = PBXResourcesBuildPhase;
			buildActionMask = 2147483647;
			files = (
				E012C24D23CEDA5B00DB6BA5 /* Page.json in Resources */,
				E0C7AF9C23CE1F8C00D6DEBB /* Main.storyboard in Resources */,
				E012C24B23CEDA4000DB6BA5 /* Identify.json in Resources */,
				E0C7AF8123CE1E2700D6DEBB /* LaunchScreen.storyboard in Resources */,
				E0C7AF7E23CE1E2700D6DEBB /* Assets.xcassets in Resources */,
				E012C24F23CEDA6F00DB6BA5 /* Screen.json in Resources */,
				E012C24923CEDA2400DB6BA5 /* Track.json in Resources */,
				E012C25323CEDAA400DB6BA5 /* Alias.json in Resources */,
				E012C25123CEDA8400DB6BA5 /* Group.json in Resources */,
			);
			runOnlyForDeploymentPostprocessing = 0;
		};
		E0C7AF8723CE1E2700D6DEBB /* Resources */ = {
			isa = PBXResourcesBuildPhase;
			buildActionMask = 2147483647;
			files = (
			);
			runOnlyForDeploymentPostprocessing = 0;
		};
/* End PBXResourcesBuildPhase section */

/* Begin PBXShellScriptBuildPhase section */
		2091A93BDEEA54356536296C /* [CP] Check Pods Manifest.lock */ = {
			isa = PBXShellScriptBuildPhase;
			buildActionMask = 2147483647;
			files = (
			);
			inputFileListPaths = (
			);
			inputPaths = (
				"${PODS_PODFILE_DIR_PATH}/Podfile.lock",
				"${PODS_ROOT}/Manifest.lock",
			);
			name = "[CP] Check Pods Manifest.lock";
			outputFileListPaths = (
			);
			outputPaths = (
				"$(DERIVED_FILE_DIR)/Pods-Sample Tracking ProjectTests-checkManifestLockResult.txt",
			);
			runOnlyForDeploymentPostprocessing = 0;
			shellPath = /bin/sh;
			shellScript = "diff \"${PODS_PODFILE_DIR_PATH}/Podfile.lock\" \"${PODS_ROOT}/Manifest.lock\" > /dev/null\nif [ $? != 0 ] ; then\n    # print error to STDERR\n    echo \"error: The sandbox is not in sync with the Podfile.lock. Run 'pod install' or update your CocoaPods installation.\" >&2\n    exit 1\nfi\n# This output is used by Xcode 'outputs' to avoid re-running this script phase.\necho \"SUCCESS\" > \"${SCRIPT_OUTPUT_FILE_0}\"\n";
			showEnvVarsInLog = 0;
		};
		6789BCD95CE0BC70ADA9C11A /* [CP] Embed Pods Frameworks */ = {
			isa = PBXShellScriptBuildPhase;
			buildActionMask = 2147483647;
			files = (
			);
			inputFileListPaths = (
				"${PODS_ROOT}/Target Support Files/Pods-Sample Tracking Project/Pods-Sample Tracking Project-frameworks-${CONFIGURATION}-input-files.xcfilelist",
			);
			name = "[CP] Embed Pods Frameworks";
			outputFileListPaths = (
				"${PODS_ROOT}/Target Support Files/Pods-Sample Tracking Project/Pods-Sample Tracking Project-frameworks-${CONFIGURATION}-output-files.xcfilelist",
			);
			runOnlyForDeploymentPostprocessing = 0;
			shellPath = /bin/sh;
			shellScript = "\"${PODS_ROOT}/Target Support Files/Pods-Sample Tracking Project/Pods-Sample Tracking Project-frameworks.sh\"\n";
			showEnvVarsInLog = 0;
		};
		BD1C89EAF7CCAE5BCA4139AA /* [CP] Check Pods Manifest.lock */ = {
			isa = PBXShellScriptBuildPhase;
			buildActionMask = 2147483647;
			files = (
			);
			inputFileListPaths = (
			);
			inputPaths = (
				"${PODS_PODFILE_DIR_PATH}/Podfile.lock",
				"${PODS_ROOT}/Manifest.lock",
			);
			name = "[CP] Check Pods Manifest.lock";
			outputFileListPaths = (
			);
			outputPaths = (
				"$(DERIVED_FILE_DIR)/Pods-Sample Tracking Project-checkManifestLockResult.txt",
			);
			runOnlyForDeploymentPostprocessing = 0;
			shellPath = /bin/sh;
			shellScript = "diff \"${PODS_PODFILE_DIR_PATH}/Podfile.lock\" \"${PODS_ROOT}/Manifest.lock\" > /dev/null\nif [ $? != 0 ] ; then\n    # print error to STDERR\n    echo \"error: The sandbox is not in sync with the Podfile.lock. Run 'pod install' or update your CocoaPods installation.\" >&2\n    exit 1\nfi\n# This output is used by Xcode 'outputs' to avoid re-running this script phase.\necho \"SUCCESS\" > \"${SCRIPT_OUTPUT_FILE_0}\"\n";
			showEnvVarsInLog = 0;
		};
/* End PBXShellScriptBuildPhase section */

/* Begin PBXSourcesBuildPhase section */
		E0C7AF6D23CE1E2500D6DEBB /* Sources */ = {
			isa = PBXSourcesBuildPhase;
			buildActionMask = 2147483647;
			files = (
				E0C7AF8423CE1E2700D6DEBB /* main.m in Sources */,
				E0C7AF7623CE1E2500D6DEBB /* AppDelegate.m in Sources */,
				E0C7AF9F23CE21F200D6DEBB /* HomeViewController.m in Sources */,
				E012C24623CE2E1900DB6BA5 /* SendEventsViewController.m in Sources */,
			);
			runOnlyForDeploymentPostprocessing = 0;
		};
		E0C7AF8523CE1E2700D6DEBB /* Sources */ = {
			isa = PBXSourcesBuildPhase;
			buildActionMask = 2147483647;
			files = (
				E0C7AF8E23CE1E2700D6DEBB /* Sample_Tracking_ProjectTests.m in Sources */,
			);
			runOnlyForDeploymentPostprocessing = 0;
		};
/* End PBXSourcesBuildPhase section */

/* Begin PBXTargetDependency section */
		E0C7AF8B23CE1E2700D6DEBB /* PBXTargetDependency */ = {
			isa = PBXTargetDependency;
			target = E0C7AF7023CE1E2500D6DEBB /* Sample Tracking Project */;
			targetProxy = E0C7AF8A23CE1E2700D6DEBB /* PBXContainerItemProxy */;
		};
/* End PBXTargetDependency section */

/* Begin PBXVariantGroup section */
		E0C7AF7F23CE1E2700D6DEBB /* LaunchScreen.storyboard */ = {
			isa = PBXVariantGroup;
			children = (
				E0C7AF8023CE1E2700D6DEBB /* Base */,
			);
			name = LaunchScreen.storyboard;
			sourceTree = "<group>";
		};
/* End PBXVariantGroup section */

/* Begin XCBuildConfiguration section */
		E0C7AF9023CE1E2700D6DEBB /* Debug */ = {
			isa = XCBuildConfiguration;
			buildSettings = {
				ALWAYS_SEARCH_USER_PATHS = NO;
				CLANG_ANALYZER_NONNULL = YES;
				CLANG_ANALYZER_NUMBER_OBJECT_CONVERSION = YES_AGGRESSIVE;
				CLANG_CXX_LANGUAGE_STANDARD = "gnu++14";
				CLANG_CXX_LIBRARY = "libc++";
				CLANG_ENABLE_MODULES = YES;
				CLANG_ENABLE_OBJC_ARC = YES;
				CLANG_ENABLE_OBJC_WEAK = YES;
				CLANG_WARN_BLOCK_CAPTURE_AUTORELEASING = YES;
				CLANG_WARN_BOOL_CONVERSION = YES;
				CLANG_WARN_COMMA = YES;
				CLANG_WARN_CONSTANT_CONVERSION = YES;
				CLANG_WARN_DEPRECATED_OBJC_IMPLEMENTATIONS = YES;
				CLANG_WARN_DIRECT_OBJC_ISA_USAGE = YES_ERROR;
				CLANG_WARN_DOCUMENTATION_COMMENTS = YES;
				CLANG_WARN_EMPTY_BODY = YES;
				CLANG_WARN_ENUM_CONVERSION = YES;
				CLANG_WARN_INFINITE_RECURSION = YES;
				CLANG_WARN_INT_CONVERSION = YES;
				CLANG_WARN_NON_LITERAL_NULL_CONVERSION = YES;
				CLANG_WARN_OBJC_IMPLICIT_RETAIN_SELF = YES;
				CLANG_WARN_OBJC_LITERAL_CONVERSION = YES;
				CLANG_WARN_OBJC_ROOT_CLASS = YES_ERROR;
				CLANG_WARN_RANGE_LOOP_ANALYSIS = YES;
				CLANG_WARN_STRICT_PROTOTYPES = YES;
				CLANG_WARN_SUSPICIOUS_MOVE = YES;
				CLANG_WARN_UNGUARDED_AVAILABILITY = YES_AGGRESSIVE;
				CLANG_WARN_UNREACHABLE_CODE = YES;
				CLANG_WARN__DUPLICATE_METHOD_MATCH = YES;
				CODE_SIGN_IDENTITY = "iPhone Developer";
				COPY_PHASE_STRIP = NO;
				DEBUG_INFORMATION_FORMAT = dwarf;
				ENABLE_STRICT_OBJC_MSGSEND = YES;
				ENABLE_TESTABILITY = YES;
				GCC_C_LANGUAGE_STANDARD = gnu11;
				GCC_DYNAMIC_NO_PIC = NO;
				GCC_NO_COMMON_BLOCKS = YES;
				GCC_OPTIMIZATION_LEVEL = 0;
				GCC_PREPROCESSOR_DEFINITIONS = (
					"DEBUG=1",
					"$(inherited)",
				);
				GCC_WARN_64_TO_32_BIT_CONVERSION = YES;
				GCC_WARN_ABOUT_RETURN_TYPE = YES_ERROR;
				GCC_WARN_UNDECLARED_SELECTOR = YES;
				GCC_WARN_UNINITIALIZED_AUTOS = YES_AGGRESSIVE;
				GCC_WARN_UNUSED_FUNCTION = YES;
				GCC_WARN_UNUSED_VARIABLE = YES;
				IPHONEOS_DEPLOYMENT_TARGET = 12.4;
				MTL_ENABLE_DEBUG_INFO = INCLUDE_SOURCE;
				MTL_FAST_MATH = YES;
				ONLY_ACTIVE_ARCH = YES;
				SDKROOT = iphoneos;
			};
			name = Debug;
		};
		E0C7AF9123CE1E2700D6DEBB /* Release */ = {
			isa = XCBuildConfiguration;
			buildSettings = {
				ALWAYS_SEARCH_USER_PATHS = NO;
				CLANG_ANALYZER_NONNULL = YES;
				CLANG_ANALYZER_NUMBER_OBJECT_CONVERSION = YES_AGGRESSIVE;
				CLANG_CXX_LANGUAGE_STANDARD = "gnu++14";
				CLANG_CXX_LIBRARY = "libc++";
				CLANG_ENABLE_MODULES = YES;
				CLANG_ENABLE_OBJC_ARC = YES;
				CLANG_ENABLE_OBJC_WEAK = YES;
				CLANG_WARN_BLOCK_CAPTURE_AUTORELEASING = YES;
				CLANG_WARN_BOOL_CONVERSION = YES;
				CLANG_WARN_COMMA = YES;
				CLANG_WARN_CONSTANT_CONVERSION = YES;
				CLANG_WARN_DEPRECATED_OBJC_IMPLEMENTATIONS = YES;
				CLANG_WARN_DIRECT_OBJC_ISA_USAGE = YES_ERROR;
				CLANG_WARN_DOCUMENTATION_COMMENTS = YES;
				CLANG_WARN_EMPTY_BODY = YES;
				CLANG_WARN_ENUM_CONVERSION = YES;
				CLANG_WARN_INFINITE_RECURSION = YES;
				CLANG_WARN_INT_CONVERSION = YES;
				CLANG_WARN_NON_LITERAL_NULL_CONVERSION = YES;
				CLANG_WARN_OBJC_IMPLICIT_RETAIN_SELF = YES;
				CLANG_WARN_OBJC_LITERAL_CONVERSION = YES;
				CLANG_WARN_OBJC_ROOT_CLASS = YES_ERROR;
				CLANG_WARN_RANGE_LOOP_ANALYSIS = YES;
				CLANG_WARN_STRICT_PROTOTYPES = YES;
				CLANG_WARN_SUSPICIOUS_MOVE = YES;
				CLANG_WARN_UNGUARDED_AVAILABILITY = YES_AGGRESSIVE;
				CLANG_WARN_UNREACHABLE_CODE = YES;
				CLANG_WARN__DUPLICATE_METHOD_MATCH = YES;
				CODE_SIGN_IDENTITY = "iPhone Developer";
				COPY_PHASE_STRIP = NO;
				DEBUG_INFORMATION_FORMAT = "dwarf-with-dsym";
				ENABLE_NS_ASSERTIONS = NO;
				ENABLE_STRICT_OBJC_MSGSEND = YES;
				GCC_C_LANGUAGE_STANDARD = gnu11;
				GCC_NO_COMMON_BLOCKS = YES;
				GCC_WARN_64_TO_32_BIT_CONVERSION = YES;
				GCC_WARN_ABOUT_RETURN_TYPE = YES_ERROR;
				GCC_WARN_UNDECLARED_SELECTOR = YES;
				GCC_WARN_UNINITIALIZED_AUTOS = YES_AGGRESSIVE;
				GCC_WARN_UNUSED_FUNCTION = YES;
				GCC_WARN_UNUSED_VARIABLE = YES;
				IPHONEOS_DEPLOYMENT_TARGET = 12.4;
				MTL_ENABLE_DEBUG_INFO = NO;
				MTL_FAST_MATH = YES;
				SDKROOT = iphoneos;
				VALIDATE_PRODUCT = YES;
			};
			name = Release;
		};
		E0C7AF9323CE1E2700D6DEBB /* Debug */ = {
			isa = XCBuildConfiguration;
			baseConfigurationReference = 02DC807BBA14D89290572796 /* Pods-Sample Tracking Project.debug.xcconfig */;
			buildSettings = {
				ASSETCATALOG_COMPILER_APPICON_NAME = AppIcon;
				CODE_SIGN_STYLE = Automatic;
				INFOPLIST_FILE = "$(SRCROOT)/Sample Tracking Project/Supporting Files/Info.plist";
				LD_RUNPATH_SEARCH_PATHS = (
					"$(inherited)",
					"@executable_path/Frameworks",
				);
				PRODUCT_BUNDLE_IDENTIFIER = "com.Segment.Sample-Tracking-Project";
				PRODUCT_NAME = "$(TARGET_NAME)";
				TARGETED_DEVICE_FAMILY = "1,2";
			};
			name = Debug;
		};
		E0C7AF9423CE1E2700D6DEBB /* Release */ = {
			isa = XCBuildConfiguration;
			baseConfigurationReference = F4155570BB402C092E9418EC /* Pods-Sample Tracking Project.release.xcconfig */;
			buildSettings = {
				ASSETCATALOG_COMPILER_APPICON_NAME = AppIcon;
				CODE_SIGN_STYLE = Automatic;
				INFOPLIST_FILE = "$(SRCROOT)/Sample Tracking Project/Supporting Files/Info.plist";
				LD_RUNPATH_SEARCH_PATHS = (
					"$(inherited)",
					"@executable_path/Frameworks",
				);
				PRODUCT_BUNDLE_IDENTIFIER = "com.Segment.Sample-Tracking-Project";
				PRODUCT_NAME = "$(TARGET_NAME)";
				TARGETED_DEVICE_FAMILY = "1,2";
			};
			name = Release;
		};
		E0C7AF9623CE1E2700D6DEBB /* Debug */ = {
			isa = XCBuildConfiguration;
			baseConfigurationReference = DAF746D03E671043805EBD33 /* Pods-Sample Tracking ProjectTests.debug.xcconfig */;
			buildSettings = {
				BUNDLE_LOADER = "$(TEST_HOST)";
				CODE_SIGN_STYLE = Automatic;
				INFOPLIST_FILE = "Sample Tracking ProjectTests/Info.plist";
				LD_RUNPATH_SEARCH_PATHS = (
					"$(inherited)",
					"@executable_path/Frameworks",
					"@loader_path/Frameworks",
				);
				PRODUCT_BUNDLE_IDENTIFIER = "com.Segment.Sample-Tracking-ProjectTests";
				PRODUCT_NAME = "$(TARGET_NAME)";
				TARGETED_DEVICE_FAMILY = "1,2";
				TEST_HOST = "$(BUILT_PRODUCTS_DIR)/Sample Tracking Project.app/Sample Tracking Project";
			};
			name = Debug;
		};
		E0C7AF9723CE1E2700D6DEBB /* Release */ = {
			isa = XCBuildConfiguration;
			baseConfigurationReference = 1B8AC637ED60CC61C1DE35A8 /* Pods-Sample Tracking ProjectTests.release.xcconfig */;
			buildSettings = {
				BUNDLE_LOADER = "$(TEST_HOST)";
				CODE_SIGN_STYLE = Automatic;
				INFOPLIST_FILE = "Sample Tracking ProjectTests/Info.plist";
				LD_RUNPATH_SEARCH_PATHS = (
					"$(inherited)",
					"@executable_path/Frameworks",
					"@loader_path/Frameworks",
				);
				PRODUCT_BUNDLE_IDENTIFIER = "com.Segment.Sample-Tracking-ProjectTests";
				PRODUCT_NAME = "$(TARGET_NAME)";
				TARGETED_DEVICE_FAMILY = "1,2";
				TEST_HOST = "$(BUILT_PRODUCTS_DIR)/Sample Tracking Project.app/Sample Tracking Project";
			};
			name = Release;
		};
/* End XCBuildConfiguration section */

/* Begin XCConfigurationList section */
		E0C7AF6C23CE1E2500D6DEBB /* Build configuration list for PBXProject "Sample Tracking Project" */ = {
			isa = XCConfigurationList;
			buildConfigurations = (
				E0C7AF9023CE1E2700D6DEBB /* Debug */,
				E0C7AF9123CE1E2700D6DEBB /* Release */,
			);
			defaultConfigurationIsVisible = 0;
			defaultConfigurationName = Release;
		};
		E0C7AF9223CE1E2700D6DEBB /* Build configuration list for PBXNativeTarget "Sample Tracking Project" */ = {
			isa = XCConfigurationList;
			buildConfigurations = (
				E0C7AF9323CE1E2700D6DEBB /* Debug */,
				E0C7AF9423CE1E2700D6DEBB /* Release */,
			);
			defaultConfigurationIsVisible = 0;
			defaultConfigurationName = Release;
		};
		E0C7AF9523CE1E2700D6DEBB /* Build configuration list for PBXNativeTarget "Sample Tracking ProjectTests" */ = {
			isa = XCConfigurationList;
			buildConfigurations = (
				E0C7AF9623CE1E2700D6DEBB /* Debug */,
				E0C7AF9723CE1E2700D6DEBB /* Release */,
			);
			defaultConfigurationIsVisible = 0;
			defaultConfigurationName = Release;
		};
/* End XCConfigurationList section */
	};
	rootObject = E0C7AF6923CE1E2500D6DEBB /* Project object */;
}
